// !$*UTF8*$!
{
	archiveVersion = 1;
	classes = {
	};
	objectVersion = 56;
	objects = {

/* Begin PBXBuildFile section */
		3D7F21D42994FE3F006B5320 /* EventsData.swift in Sources */ = {isa = PBXBuildFile; fileRef = 3D7F21D32994FE3F006B5320 /* EventsData.swift */; };
		3D95CAAD2997B88B007D32A1 /* CoreDataManger.swift in Sources */ = {isa = PBXBuildFile; fileRef = 3D95CAAC2997B88B007D32A1 /* CoreDataManger.swift */; };
		3D95CAAF29980186007D32A1 /* Constants.swift in Sources */ = {isa = PBXBuildFile; fileRef = 3D95CAAE29980186007D32A1 /* Constants.swift */; };
		3D963ECB29999AD40043C2A5 /* NetworkServicesForFootballTests.swift in Sources */ = {isa = PBXBuildFile; fileRef = 3D963ECA29999AD40043C2A5 /* NetworkServicesForFootballTests.swift */; };
		3D963ECD2999A0F70043C2A5 /* NetworkServicesForcricketTests.swift in Sources */ = {isa = PBXBuildFile; fileRef = 3D963ECC2999A0F70043C2A5 /* NetworkServicesForcricketTests.swift */; };
		3D963ED12999A2C70043C2A5 /* MockNetworkServicesForFootballLeagues.swift in Sources */ = {isa = PBXBuildFile; fileRef = 3D963ED02999A2C70043C2A5 /* MockNetworkServicesForFootballLeagues.swift */; };
		3D963ED32999A6EF0043C2A5 /* MockNetworkServicesForFootballTests.swift in Sources */ = {isa = PBXBuildFile; fileRef = 3D963ED22999A6EF0043C2A5 /* MockNetworkServicesForFootballTests.swift */; };
		3D9687A0299ABAE60099CB16 /* MockNetworkServicesForCricketLeagues.swift in Sources */ = {isa = PBXBuildFile; fileRef = 3D96879F299ABAE60099CB16 /* MockNetworkServicesForCricketLeagues.swift */; };
		3D9687A2299ABBBB0099CB16 /* MockNetworkServicesForCricketTeams.swift in Sources */ = {isa = PBXBuildFile; fileRef = 3D9687A1299ABBBB0099CB16 /* MockNetworkServicesForCricketTeams.swift */; };
		3D9687A4299ABC680099CB16 /* MockNetworkServicesForCricketEvents.swift in Sources */ = {isa = PBXBuildFile; fileRef = 3D9687A3299ABC680099CB16 /* MockNetworkServicesForCricketEvents.swift */; };
		3D9687A6299ABD740099CB16 /* MockNetworkServicesForCricketTests.swift in Sources */ = {isa = PBXBuildFile; fileRef = 3D9687A5299ABD740099CB16 /* MockNetworkServicesForCricketTests.swift */; };
		3D9B80F8298D408700D344E4 /* SportsViewController.swift in Sources */ = {isa = PBXBuildFile; fileRef = 3D9B80F7298D408700D344E4 /* SportsViewController.swift */; };
		3D9B80FA298D418700D344E4 /* splash3.gif in Resources */ = {isa = PBXBuildFile; fileRef = 3D9B80F9298D418700D344E4 /* splash3.gif */; };
		3D9B80FD298D42AC00D344E4 /* CustomSportCollectionViewCell.swift in Sources */ = {isa = PBXBuildFile; fileRef = 3D9B80FB298D42AC00D344E4 /* CustomSportCollectionViewCell.swift */; };
		3D9B80FE298D42AC00D344E4 /* CustomSportCollectionViewCell.xib in Resources */ = {isa = PBXBuildFile; fileRef = 3D9B80FC298D42AC00D344E4 /* CustomSportCollectionViewCell.xib */; };
		3D9B8102298D4BEE00D344E4 /* LegeusViewController.swift in Sources */ = {isa = PBXBuildFile; fileRef = 3D9B8101298D4BED00D344E4 /* LegeusViewController.swift */; };
		3DA8AFCB298FCD7200ACD3FF /* ViewModel.swift in Sources */ = {isa = PBXBuildFile; fileRef = 3DA8AFCA298FCD7200ACD3FF /* ViewModel.swift */; };
		3DAD8287299A95D300E59EA4 /* MockNetworkServicesForFootballTeams.swift in Sources */ = {isa = PBXBuildFile; fileRef = 3DAD8286299A95D300E59EA4 /* MockNetworkServicesForFootballTeams.swift */; };
		3DAD8289299A990600E59EA4 /* MockNetworkServicesForFootballEvents.swift in Sources */ = {isa = PBXBuildFile; fileRef = 3DAD8288299A990600E59EA4 /* MockNetworkServicesForFootballEvents.swift */; };
		3DDA2712298DAE420060635D /* LeagusData.swift in Sources */ = {isa = PBXBuildFile; fileRef = 3DDA2711298DAE420060635D /* LeagusData.swift */; };
		8C08F7512989BA6C009473FC /* TableViewCell.swift in Sources */ = {isa = PBXBuildFile; fileRef = 8C08F74F2989BA6C009473FC /* TableViewCell.swift */; };
		8C08F7522989BA6C009473FC /* TableViewCell.xib in Resources */ = {isa = PBXBuildFile; fileRef = 8C08F7502989BA6C009473FC /* TableViewCell.xib */; };
		8C08F7542989C232009473FC /* FavTableViewController.swift in Sources */ = {isa = PBXBuildFile; fileRef = 8C08F7532989C232009473FC /* FavTableViewController.swift */; };
		8C533A88299A44DE006C6691 /* ResponseBasketballTest.swift in Sources */ = {isa = PBXBuildFile; fileRef = 8C533A87299A44DE006C6691 /* ResponseBasketballTest.swift */; };
		8C533A8A299A4BE8006C6691 /* MockBasketballApiTests.swift in Sources */ = {isa = PBXBuildFile; fileRef = 8C533A89299A4BE8006C6691 /* MockBasketballApiTests.swift */; };
		8C533A8C299A56CB006C6691 /* RsponseTennisTest.swift in Sources */ = {isa = PBXBuildFile; fileRef = 8C533A8B299A56CB006C6691 /* RsponseTennisTest.swift */; };
		8C533A8E299A5790006C6691 /* MockTennisApiTest.swift in Sources */ = {isa = PBXBuildFile; fileRef = 8C533A8D299A5790006C6691 /* MockTennisApiTest.swift */; };
		8C533A90299A5AE9006C6691 /* MockManagerBTLeague.swift in Sources */ = {isa = PBXBuildFile; fileRef = 8C533A8F299A5AE9006C6691 /* MockManagerBTLeague.swift */; };
		8C533A92299A702F006C6691 /* MockManagerEvents.swift in Sources */ = {isa = PBXBuildFile; fileRef = 8C533A91299A702F006C6691 /* MockManagerEvents.swift */; };
		8C5C92B729951EEB00F2F015 /* PlayersViewController.swift in Sources */ = {isa = PBXBuildFile; fileRef = 8C5C92B629951EEB00F2F015 /* PlayersViewController.swift */; };
		8C5C92B929953B4E00F2F015 /* GestureFeature.swift in Sources */ = {isa = PBXBuildFile; fileRef = 8C5C92B829953B4E00F2F015 /* GestureFeature.swift */; };
		8C7BC473298E69C200F31C08 /* NetworkService.swift in Sources */ = {isa = PBXBuildFile; fileRef = 8C7BC472298E69C200F31C08 /* NetworkService.swift */; };
		8C8494B92992E5A300DCAE4A /* TeamViewController.swift in Sources */ = {isa = PBXBuildFile; fileRef = 8C8494B82992E5A300DCAE4A /* TeamViewController.swift */; };
		8C8494BB2992E9D800DCAE4A /* TeamData.swift in Sources */ = {isa = PBXBuildFile; fileRef = 8C8494BA2992E9D800DCAE4A /* TeamData.swift */; };
		8C86C78B2998FBCF000EBCE9 /* Notification.swift in Sources */ = {isa = PBXBuildFile; fileRef = 8C86C78A2998FBCF000EBCE9 /* Notification.swift */; };
		8CAB0902298C2EE30052C672 /* TeamCollectionViewCell.swift in Sources */ = {isa = PBXBuildFile; fileRef = 8CAB0900298C2EE30052C672 /* TeamCollectionViewCell.swift */; };
		8CAB0903298C2EE30052C672 /* TeamCollectionViewCell.xib in Resources */ = {isa = PBXBuildFile; fileRef = 8CAB0901298C2EE30052C672 /* TeamCollectionViewCell.xib */; };
		8CC1322D29993C83002DCC17 /* ToastMessage.swift in Sources */ = {isa = PBXBuildFile; fileRef = 8CC1322C29993C83002DCC17 /* ToastMessage.swift */; };
		8CDE1418298C456B00D94B9D /* comCollectionViewCell.swift in Sources */ = {isa = PBXBuildFile; fileRef = 8CDE1416298C456B00D94B9D /* comCollectionViewCell.swift */; };
		8CDE1419298C456B00D94B9D /* comCollectionViewCell.xib in Resources */ = {isa = PBXBuildFile; fileRef = 8CDE1417298C456B00D94B9D /* comCollectionViewCell.xib */; };
		8CDE141C298C493300D94B9D /* recCollectionViewCell.swift in Sources */ = {isa = PBXBuildFile; fileRef = 8CDE141A298C493300D94B9D /* recCollectionViewCell.swift */; };
		8CDE141D298C493300D94B9D /* recCollectionViewCell.xib in Resources */ = {isa = PBXBuildFile; fileRef = 8CDE141B298C493300D94B9D /* recCollectionViewCell.xib */; };
		8CE1679B298AB80E005A5930 /* DetailsLeagueController.swift in Sources */ = {isa = PBXBuildFile; fileRef = 8CE1679A298AB80E005A5930 /* DetailsLeagueController.swift */; };
		8CFDF2C52989864E002DA2DF /* AppDelegate.swift in Sources */ = {isa = PBXBuildFile; fileRef = 8CFDF2C42989864E002DA2DF /* AppDelegate.swift */; };
		8CFDF2C72989864E002DA2DF /* SceneDelegate.swift in Sources */ = {isa = PBXBuildFile; fileRef = 8CFDF2C62989864E002DA2DF /* SceneDelegate.swift */; };
		8CFDF2C92989864E002DA2DF /* ViewController.swift in Sources */ = {isa = PBXBuildFile; fileRef = 8CFDF2C82989864E002DA2DF /* ViewController.swift */; };
		8CFDF2CC2989864E002DA2DF /* Main.storyboard in Resources */ = {isa = PBXBuildFile; fileRef = 8CFDF2CA2989864E002DA2DF /* Main.storyboard */; };
		8CFDF2CF2989864E002DA2DF /* SportsApp_ITI.xcdatamodeld in Sources */ = {isa = PBXBuildFile; fileRef = 8CFDF2CD2989864E002DA2DF /* SportsApp_ITI.xcdatamodeld */; };
		8CFDF2D129898652002DA2DF /* Assets.xcassets in Resources */ = {isa = PBXBuildFile; fileRef = 8CFDF2D029898652002DA2DF /* Assets.xcassets */; };
		8CFDF2D429898652002DA2DF /* LaunchScreen.storyboard in Resources */ = {isa = PBXBuildFile; fileRef = 8CFDF2D229898652002DA2DF /* LaunchScreen.storyboard */; };
		8CFDF2DF29899627002DA2DF /* FavouriteStoryboard.storyboard in Resources */ = {isa = PBXBuildFile; fileRef = 8CFDF2DE29899627002DA2DF /* FavouriteStoryboard.storyboard */; };
		A180BEBF0507D47A709275F6 /* Pods_SportsApp_ITI.framework in Frameworks */ = {isa = PBXBuildFile; fileRef = 50F7E089E93715FD4F1979C8 /* Pods_SportsApp_ITI.framework */; };
/* End PBXBuildFile section */

/* Begin PBXContainerItemProxy section */
		3D963EC529999AA30043C2A5 /* PBXContainerItemProxy */ = {
			isa = PBXContainerItemProxy;
			containerPortal = 8CFDF2B92989864E002DA2DF /* Project object */;
			proxyType = 1;
			remoteGlobalIDString = 8CFDF2C02989864E002DA2DF;
			remoteInfo = SportsApp_ITI;
		};
/* End PBXContainerItemProxy section */

/* Begin PBXFileReference section */
		3D7F21D32994FE3F006B5320 /* EventsData.swift */ = {isa = PBXFileReference; lastKnownFileType = sourcecode.swift; path = EventsData.swift; sourceTree = "<group>"; };
		3D95CAAC2997B88B007D32A1 /* CoreDataManger.swift */ = {isa = PBXFileReference; lastKnownFileType = sourcecode.swift; path = CoreDataManger.swift; sourceTree = "<group>"; };
		3D95CAAE29980186007D32A1 /* Constants.swift */ = {isa = PBXFileReference; lastKnownFileType = sourcecode.swift; path = Constants.swift; sourceTree = "<group>"; };
		3D963EC129999AA30043C2A5 /* SportsApp_ITITests.xctest */ = {isa = PBXFileReference; explicitFileType = wrapper.cfbundle; includeInIndex = 0; path = SportsApp_ITITests.xctest; sourceTree = BUILT_PRODUCTS_DIR; };
		3D963ECA29999AD40043C2A5 /* NetworkServicesForFootballTests.swift */ = {isa = PBXFileReference; lastKnownFileType = sourcecode.swift; path = NetworkServicesForFootballTests.swift; sourceTree = "<group>"; };
		3D963ECC2999A0F70043C2A5 /* NetworkServicesForcricketTests.swift */ = {isa = PBXFileReference; lastKnownFileType = sourcecode.swift; path = NetworkServicesForcricketTests.swift; sourceTree = "<group>"; };
		3D963ED02999A2C70043C2A5 /* MockNetworkServicesForFootballLeagues.swift */ = {isa = PBXFileReference; lastKnownFileType = sourcecode.swift; path = MockNetworkServicesForFootballLeagues.swift; sourceTree = "<group>"; };
		3D963ED22999A6EF0043C2A5 /* MockNetworkServicesForFootballTests.swift */ = {isa = PBXFileReference; lastKnownFileType = sourcecode.swift; path = MockNetworkServicesForFootballTests.swift; sourceTree = "<group>"; };
		3D96879F299ABAE60099CB16 /* MockNetworkServicesForCricketLeagues.swift */ = {isa = PBXFileReference; lastKnownFileType = sourcecode.swift; path = MockNetworkServicesForCricketLeagues.swift; sourceTree = "<group>"; };
		3D9687A1299ABBBB0099CB16 /* MockNetworkServicesForCricketTeams.swift */ = {isa = PBXFileReference; lastKnownFileType = sourcecode.swift; path = MockNetworkServicesForCricketTeams.swift; sourceTree = "<group>"; };
		3D9687A3299ABC680099CB16 /* MockNetworkServicesForCricketEvents.swift */ = {isa = PBXFileReference; lastKnownFileType = sourcecode.swift; path = MockNetworkServicesForCricketEvents.swift; sourceTree = "<group>"; };
		3D9687A5299ABD740099CB16 /* MockNetworkServicesForCricketTests.swift */ = {isa = PBXFileReference; lastKnownFileType = sourcecode.swift; path = MockNetworkServicesForCricketTests.swift; sourceTree = "<group>"; };
		3D9B80F7298D408700D344E4 /* SportsViewController.swift */ = {isa = PBXFileReference; lastKnownFileType = sourcecode.swift; name = SportsViewController.swift; path = "SportsApp_ITI/ViewController/New Group/SportsViewController.swift"; sourceTree = SOURCE_ROOT; };
		3D9B80F9298D418700D344E4 /* splash3.gif */ = {isa = PBXFileReference; lastKnownFileType = image.gif; path = splash3.gif; sourceTree = "<group>"; };
		3D9B80FB298D42AC00D344E4 /* CustomSportCollectionViewCell.swift */ = {isa = PBXFileReference; lastKnownFileType = sourcecode.swift; name = CustomSportCollectionViewCell.swift; path = "SportsApp_ITI/ViewController/New Group/CustomSportCollectionViewCell.swift"; sourceTree = SOURCE_ROOT; };
		3D9B80FC298D42AC00D344E4 /* CustomSportCollectionViewCell.xib */ = {isa = PBXFileReference; lastKnownFileType = file.xib; name = CustomSportCollectionViewCell.xib; path = "SportsApp_ITI/ViewController/New Group/CustomSportCollectionViewCell.xib"; sourceTree = SOURCE_ROOT; };
		3D9B8101298D4BED00D344E4 /* LegeusViewController.swift */ = {isa = PBXFileReference; lastKnownFileType = sourcecode.swift; name = LegeusViewController.swift; path = "SportsApp_ITI/ViewController/New Group/LegeusViewController.swift"; sourceTree = SOURCE_ROOT; };
		3DA8AFCA298FCD7200ACD3FF /* ViewModel.swift */ = {isa = PBXFileReference; lastKnownFileType = sourcecode.swift; path = ViewModel.swift; sourceTree = "<group>"; };
		3DAD8286299A95D300E59EA4 /* MockNetworkServicesForFootballTeams.swift */ = {isa = PBXFileReference; lastKnownFileType = sourcecode.swift; path = MockNetworkServicesForFootballTeams.swift; sourceTree = "<group>"; };
		3DAD8288299A990600E59EA4 /* MockNetworkServicesForFootballEvents.swift */ = {isa = PBXFileReference; lastKnownFileType = sourcecode.swift; path = MockNetworkServicesForFootballEvents.swift; sourceTree = "<group>"; };
		3DDA2711298DAE420060635D /* LeagusData.swift */ = {isa = PBXFileReference; lastKnownFileType = sourcecode.swift; name = LeagusData.swift; path = "SportsApp_ITI/ViewController/New Group/LeagusData.swift"; sourceTree = SOURCE_ROOT; };
		50F7E089E93715FD4F1979C8 /* Pods_SportsApp_ITI.framework */ = {isa = PBXFileReference; explicitFileType = wrapper.framework; includeInIndex = 0; path = Pods_SportsApp_ITI.framework; sourceTree = BUILT_PRODUCTS_DIR; };
		7BABD7B11CD95C2A3AD80D53 /* Pods-SportsApp_ITI.release.xcconfig */ = {isa = PBXFileReference; includeInIndex = 1; lastKnownFileType = text.xcconfig; name = "Pods-SportsApp_ITI.release.xcconfig"; path = "Target Support Files/Pods-SportsApp_ITI/Pods-SportsApp_ITI.release.xcconfig"; sourceTree = "<group>"; };
		8C08F74F2989BA6C009473FC /* TableViewCell.swift */ = {isa = PBXFileReference; lastKnownFileType = sourcecode.swift; path = TableViewCell.swift; sourceTree = "<group>"; };
		8C08F7502989BA6C009473FC /* TableViewCell.xib */ = {isa = PBXFileReference; lastKnownFileType = file.xib; path = TableViewCell.xib; sourceTree = "<group>"; };
		8C08F7532989C232009473FC /* FavTableViewController.swift */ = {isa = PBXFileReference; lastKnownFileType = sourcecode.swift; path = FavTableViewController.swift; sourceTree = "<group>"; };
		8C533A87299A44DE006C6691 /* ResponseBasketballTest.swift */ = {isa = PBXFileReference; lastKnownFileType = sourcecode.swift; path = ResponseBasketballTest.swift; sourceTree = "<group>"; };
		8C533A89299A4BE8006C6691 /* MockBasketballApiTests.swift */ = {isa = PBXFileReference; lastKnownFileType = sourcecode.swift; path = MockBasketballApiTests.swift; sourceTree = "<group>"; };
		8C533A8B299A56CB006C6691 /* RsponseTennisTest.swift */ = {isa = PBXFileReference; lastKnownFileType = sourcecode.swift; path = RsponseTennisTest.swift; sourceTree = "<group>"; };
		8C533A8D299A5790006C6691 /* MockTennisApiTest.swift */ = {isa = PBXFileReference; lastKnownFileType = sourcecode.swift; path = MockTennisApiTest.swift; sourceTree = "<group>"; };
		8C533A8F299A5AE9006C6691 /* MockManagerBTLeague.swift */ = {isa = PBXFileReference; lastKnownFileType = sourcecode.swift; path = MockManagerBTLeague.swift; sourceTree = "<group>"; };
		8C533A91299A702F006C6691 /* MockManagerEvents.swift */ = {isa = PBXFileReference; lastKnownFileType = sourcecode.swift; path = MockManagerEvents.swift; sourceTree = "<group>"; };
		8C5C92B629951EEB00F2F015 /* PlayersViewController.swift */ = {isa = PBXFileReference; lastKnownFileType = sourcecode.swift; path = PlayersViewController.swift; sourceTree = "<group>"; };
		8C5C92B829953B4E00F2F015 /* GestureFeature.swift */ = {isa = PBXFileReference; lastKnownFileType = sourcecode.swift; path = GestureFeature.swift; sourceTree = "<group>"; };
		8C7BC472298E69C200F31C08 /* NetworkService.swift */ = {isa = PBXFileReference; lastKnownFileType = sourcecode.swift; path = NetworkService.swift; sourceTree = "<group>"; };
		8C8494B82992E5A300DCAE4A /* TeamViewController.swift */ = {isa = PBXFileReference; lastKnownFileType = sourcecode.swift; path = TeamViewController.swift; sourceTree = "<group>"; };
		8C8494BA2992E9D800DCAE4A /* TeamData.swift */ = {isa = PBXFileReference; lastKnownFileType = sourcecode.swift; path = TeamData.swift; sourceTree = "<group>"; };
		8C86C78A2998FBCF000EBCE9 /* Notification.swift */ = {isa = PBXFileReference; lastKnownFileType = sourcecode.swift; path = Notification.swift; sourceTree = "<group>"; };
		8CAB0900298C2EE30052C672 /* TeamCollectionViewCell.swift */ = {isa = PBXFileReference; lastKnownFileType = sourcecode.swift; path = TeamCollectionViewCell.swift; sourceTree = "<group>"; };
		8CAB0901298C2EE30052C672 /* TeamCollectionViewCell.xib */ = {isa = PBXFileReference; lastKnownFileType = file.xib; path = TeamCollectionViewCell.xib; sourceTree = "<group>"; };
		8CC1322C29993C83002DCC17 /* ToastMessage.swift */ = {isa = PBXFileReference; lastKnownFileType = sourcecode.swift; path = ToastMessage.swift; sourceTree = "<group>"; };
		8CDE1416298C456B00D94B9D /* comCollectionViewCell.swift */ = {isa = PBXFileReference; lastKnownFileType = sourcecode.swift; path = comCollectionViewCell.swift; sourceTree = "<group>"; };
		8CDE1417298C456B00D94B9D /* comCollectionViewCell.xib */ = {isa = PBXFileReference; lastKnownFileType = file.xib; path = comCollectionViewCell.xib; sourceTree = "<group>"; };
		8CDE141A298C493300D94B9D /* recCollectionViewCell.swift */ = {isa = PBXFileReference; lastKnownFileType = sourcecode.swift; path = recCollectionViewCell.swift; sourceTree = "<group>"; };
		8CDE141B298C493300D94B9D /* recCollectionViewCell.xib */ = {isa = PBXFileReference; lastKnownFileType = file.xib; path = recCollectionViewCell.xib; sourceTree = "<group>"; };
		8CE1679A298AB80E005A5930 /* DetailsLeagueController.swift */ = {isa = PBXFileReference; lastKnownFileType = sourcecode.swift; name = DetailsLeagueController.swift; path = "../New Group/DetailsLeagueController.swift"; sourceTree = "<group>"; };
		8CFDF2C12989864E002DA2DF /* SportsApp_ITI.app */ = {isa = PBXFileReference; explicitFileType = wrapper.application; includeInIndex = 0; path = SportsApp_ITI.app; sourceTree = BUILT_PRODUCTS_DIR; };
		8CFDF2C42989864E002DA2DF /* AppDelegate.swift */ = {isa = PBXFileReference; lastKnownFileType = sourcecode.swift; path = AppDelegate.swift; sourceTree = "<group>"; };
		8CFDF2C62989864E002DA2DF /* SceneDelegate.swift */ = {isa = PBXFileReference; lastKnownFileType = sourcecode.swift; path = SceneDelegate.swift; sourceTree = "<group>"; };
		8CFDF2C82989864E002DA2DF /* ViewController.swift */ = {isa = PBXFileReference; lastKnownFileType = sourcecode.swift; path = ViewController.swift; sourceTree = "<group>"; };
		8CFDF2CB2989864E002DA2DF /* Base */ = {isa = PBXFileReference; lastKnownFileType = file.storyboard; name = Base; path = Base.lproj/Main.storyboard; sourceTree = "<group>"; };
		8CFDF2CE2989864E002DA2DF /* SportsApp_ITI.xcdatamodel */ = {isa = PBXFileReference; lastKnownFileType = wrapper.xcdatamodel; path = SportsApp_ITI.xcdatamodel; sourceTree = "<group>"; };
		8CFDF2D029898652002DA2DF /* Assets.xcassets */ = {isa = PBXFileReference; lastKnownFileType = folder.assetcatalog; path = Assets.xcassets; sourceTree = "<group>"; };
		8CFDF2D329898652002DA2DF /* Base */ = {isa = PBXFileReference; lastKnownFileType = file.storyboard; name = Base; path = Base.lproj/LaunchScreen.storyboard; sourceTree = "<group>"; };
		8CFDF2D529898652002DA2DF /* Info.plist */ = {isa = PBXFileReference; lastKnownFileType = text.plist.xml; path = Info.plist; sourceTree = "<group>"; };
		8CFDF2DE29899627002DA2DF /* FavouriteStoryboard.storyboard */ = {isa = PBXFileReference; lastKnownFileType = file.storyboard; path = FavouriteStoryboard.storyboard; sourceTree = "<group>"; };
		D30973B77AB5253BD9B3096E /* Pods-SportsApp_ITI.debug.xcconfig */ = {isa = PBXFileReference; includeInIndex = 1; lastKnownFileType = text.xcconfig; name = "Pods-SportsApp_ITI.debug.xcconfig"; path = "Target Support Files/Pods-SportsApp_ITI/Pods-SportsApp_ITI.debug.xcconfig"; sourceTree = "<group>"; };
/* End PBXFileReference section */

/* Begin PBXFrameworksBuildPhase section */
		3D963EBE29999AA30043C2A5 /* Frameworks */ = {
			isa = PBXFrameworksBuildPhase;
			buildActionMask = 2147483647;
			files = (
			);
			runOnlyForDeploymentPostprocessing = 0;
		};
		8CFDF2BE2989864E002DA2DF /* Frameworks */ = {
			isa = PBXFrameworksBuildPhase;
			buildActionMask = 2147483647;
			files = (
				A180BEBF0507D47A709275F6 /* Pods_SportsApp_ITI.framework in Frameworks */,
			);
			runOnlyForDeploymentPostprocessing = 0;
		};
/* End PBXFrameworksBuildPhase section */

/* Begin PBXGroup section */
		3D95CAAB2997B867007D32A1 /* CoreData */ = {
			isa = PBXGroup;
			children = (
				3D95CAAC2997B88B007D32A1 /* CoreDataManger.swift */,
			);
			path = CoreData;
			sourceTree = "<group>";
		};
		3D963EC229999AA30043C2A5 /* SportsApp_ITITests */ = {
			isa = PBXGroup;
			children = (
				3D9687A5299ABD740099CB16 /* MockNetworkServicesForCricketTests.swift */,
				3D963ED22999A6EF0043C2A5 /* MockNetworkServicesForFootballTests.swift */,
				3D963ECC2999A0F70043C2A5 /* NetworkServicesForcricketTests.swift */,
				3D963ECA29999AD40043C2A5 /* NetworkServicesForFootballTests.swift */,
				3D963ED02999A2C70043C2A5 /* MockNetworkServicesForFootballLeagues.swift */,
				8C533A87299A44DE006C6691 /* ResponseBasketballTest.swift */,
				8C533A89299A4BE8006C6691 /* MockBasketballApiTests.swift */,
				8C533A8B299A56CB006C6691 /* RsponseTennisTest.swift */,
				8C533A8D299A5790006C6691 /* MockTennisApiTest.swift */,
				8C533A8F299A5AE9006C6691 /* MockManagerBTLeague.swift */,
				8C533A91299A702F006C6691 /* MockManagerEvents.swift */,
				3DAD8286299A95D300E59EA4 /* MockNetworkServicesForFootballTeams.swift */,
				3DAD8288299A990600E59EA4 /* MockNetworkServicesForFootballEvents.swift */,
				3D96879F299ABAE60099CB16 /* MockNetworkServicesForCricketLeagues.swift */,
				3D9687A1299ABBBB0099CB16 /* MockNetworkServicesForCricketTeams.swift */,
				3D9687A3299ABC680099CB16 /* MockNetworkServicesForCricketEvents.swift */,
			);
			path = SportsApp_ITITests;
			sourceTree = "<group>";
		};
		3DA8AFC9298FC43100ACD3FF /* Services */ = {
			isa = PBXGroup;
			children = (
				8C7BC472298E69C200F31C08 /* NetworkService.swift */,
			);
			path = Services;
			sourceTree = "<group>";
		};
		8C037789298C885B00B0CECF /* SportsCollectionView */ = {
			isa = PBXGroup;
			children = (
				3D9B80F7298D408700D344E4 /* SportsViewController.swift */,
				3D9B80FB298D42AC00D344E4 /* CustomSportCollectionViewCell.swift */,
				3D9B80FC298D42AC00D344E4 /* CustomSportCollectionViewCell.xib */,
			);
			path = SportsCollectionView;
			sourceTree = "<group>";
		};
		8C03778A298C887200B0CECF /* LeaguesViewContrroller */ = {
			isa = PBXGroup;
			children = (
				3D9B8101298D4BED00D344E4 /* LegeusViewController.swift */,
			);
			path = LeaguesViewContrroller;
			sourceTree = "<group>";
		};
		8C03778B298C889700B0CECF /* LeaguesDetailsViewController */ = {
			isa = PBXGroup;
			children = (
				8CAB0900298C2EE30052C672 /* TeamCollectionViewCell.swift */,
				8CAB0901298C2EE30052C672 /* TeamCollectionViewCell.xib */,
				8CDE1416298C456B00D94B9D /* comCollectionViewCell.swift */,
				8CDE1417298C456B00D94B9D /* comCollectionViewCell.xib */,
				8CDE141A298C493300D94B9D /* recCollectionViewCell.swift */,
				8CDE141B298C493300D94B9D /* recCollectionViewCell.xib */,
				8CE1679A298AB80E005A5930 /* DetailsLeagueController.swift */,
			);
			path = LeaguesDetailsViewController;
			sourceTree = "<group>";
		};
		8C03778C298C891000B0CECF /* FavouriteLeagues */ = {
			isa = PBXGroup;
			children = (
				8C08F74F2989BA6C009473FC /* TableViewCell.swift */,
				8C08F7502989BA6C009473FC /* TableViewCell.xib */,
				8C08F7532989C232009473FC /* FavTableViewController.swift */,
			);
			path = FavouriteLeagues;
			sourceTree = "<group>";
		};
		8C03778D298C899000B0CECF /* Helper */ = {
			isa = PBXGroup;
			children = (
				8CFDF2C42989864E002DA2DF /* AppDelegate.swift */,
				8CFDF2C62989864E002DA2DF /* SceneDelegate.swift */,
			);
			path = Helper;
			sourceTree = "<group>";
		};
		8C03778E298C89F300B0CECF /* SplashScreen */ = {
			isa = PBXGroup;
			children = (
				3D9B80F9298D418700D344E4 /* splash3.gif */,
				8CFDF2C82989864E002DA2DF /* ViewController.swift */,
			);
			path = SplashScreen;
			sourceTree = "<group>";
		};
		8C03778F298C8A1000B0CECF /* TeamDetailsViewController */ = {
			isa = PBXGroup;
			children = (
				8C8494B82992E5A300DCAE4A /* TeamViewController.swift */,
				8C5C92B629951EEB00F2F015 /* PlayersViewController.swift */,
			);
			path = TeamDetailsViewController;
			sourceTree = "<group>";
		};
		8CFDF2B82989864E002DA2DF = {
			isa = PBXGroup;
			children = (
				8CFDF2C32989864E002DA2DF /* SportsApp_ITI */,
				3D963EC229999AA30043C2A5 /* SportsApp_ITITests */,
				8CFDF2C22989864E002DA2DF /* Products */,
				90EA2ED6EC8258CBA8B7C341 /* Pods */,
				9481E8BABEE5F640AAD74CE5 /* Frameworks */,
			);
			sourceTree = "<group>";
		};
		8CFDF2C22989864E002DA2DF /* Products */ = {
			isa = PBXGroup;
			children = (
				8CFDF2C12989864E002DA2DF /* SportsApp_ITI.app */,
				3D963EC129999AA30043C2A5 /* SportsApp_ITITests.xctest */,
			);
			name = Products;
			sourceTree = "<group>";
		};
		8CFDF2C32989864E002DA2DF /* SportsApp_ITI */ = {
			isa = PBXGroup;
			children = (
				8C03778D298C899000B0CECF /* Helper */,
				8CFDF2DD29899553002DA2DF /* ViewController */,
				8CFDF2DC29899544002DA2DF /* ViewModel */,
				8CFDF2DB29899533002DA2DF /* Model */,
				8CFDF2D029898652002DA2DF /* Assets.xcassets */,
				8CFDF2D529898652002DA2DF /* Info.plist */,
				8CFDF2CD2989864E002DA2DF /* SportsApp_ITI.xcdatamodeld */,
				3D95CAAE29980186007D32A1 /* Constants.swift */,
			);
			path = SportsApp_ITI;
			sourceTree = "<group>";
		};
		8CFDF2DB29899533002DA2DF /* Model */ = {
			isa = PBXGroup;
			children = (
				3D95CAAB2997B867007D32A1 /* CoreData */,
				3DA8AFC9298FC43100ACD3FF /* Services */,
				3DDA2711298DAE420060635D /* LeagusData.swift */,
				8C8494BA2992E9D800DCAE4A /* TeamData.swift */,
				3D7F21D32994FE3F006B5320 /* EventsData.swift */,
				8C5C92B829953B4E00F2F015 /* GestureFeature.swift */,
				8C86C78A2998FBCF000EBCE9 /* Notification.swift */,
				8CC1322C29993C83002DCC17 /* ToastMessage.swift */,
			);
			path = Model;
			sourceTree = "<group>";
		};
		8CFDF2DC29899544002DA2DF /* ViewModel */ = {
			isa = PBXGroup;
			children = (
				3DA8AFCA298FCD7200ACD3FF /* ViewModel.swift */,
			);
			path = ViewModel;
			sourceTree = "<group>";
		};
		8CFDF2DD29899553002DA2DF /* ViewController */ = {
			isa = PBXGroup;
			children = (
				8C03778F298C8A1000B0CECF /* TeamDetailsViewController */,
				8C03778E298C89F300B0CECF /* SplashScreen */,
				8C03778C298C891000B0CECF /* FavouriteLeagues */,
				8C03778B298C889700B0CECF /* LeaguesDetailsViewController */,
				8C03778A298C887200B0CECF /* LeaguesViewContrroller */,
				8C037789298C885B00B0CECF /* SportsCollectionView */,
				8CFDF2CA2989864E002DA2DF /* Main.storyboard */,
				8CFDF2DE29899627002DA2DF /* FavouriteStoryboard.storyboard */,
				8CFDF2D229898652002DA2DF /* LaunchScreen.storyboard */,
			);
			path = ViewController;
			sourceTree = "<group>";
		};
		90EA2ED6EC8258CBA8B7C341 /* Pods */ = {
			isa = PBXGroup;
			children = (
				D30973B77AB5253BD9B3096E /* Pods-SportsApp_ITI.debug.xcconfig */,
				7BABD7B11CD95C2A3AD80D53 /* Pods-SportsApp_ITI.release.xcconfig */,
			);
			path = Pods;
			sourceTree = "<group>";
		};
		9481E8BABEE5F640AAD74CE5 /* Frameworks */ = {
			isa = PBXGroup;
			children = (
				50F7E089E93715FD4F1979C8 /* Pods_SportsApp_ITI.framework */,
			);
			name = Frameworks;
			sourceTree = "<group>";
		};
/* End PBXGroup section */

/* Begin PBXNativeTarget section */
		3D963EC029999AA30043C2A5 /* SportsApp_ITITests */ = {
			isa = PBXNativeTarget;
			buildConfigurationList = 3D963EC929999AA30043C2A5 /* Build configuration list for PBXNativeTarget "SportsApp_ITITests" */;
			buildPhases = (
				3D963EBD29999AA30043C2A5 /* Sources */,
				3D963EBE29999AA30043C2A5 /* Frameworks */,
				3D963EBF29999AA30043C2A5 /* Resources */,
			);
			buildRules = (
			);
			dependencies = (
				3D963EC629999AA30043C2A5 /* PBXTargetDependency */,
			);
			name = SportsApp_ITITests;
			productName = SportsApp_ITITests;
			productReference = 3D963EC129999AA30043C2A5 /* SportsApp_ITITests.xctest */;
			productType = "com.apple.product-type.bundle.unit-test";
		};
		8CFDF2C02989864E002DA2DF /* SportsApp_ITI */ = {
			isa = PBXNativeTarget;
			buildConfigurationList = 8CFDF2D829898652002DA2DF /* Build configuration list for PBXNativeTarget "SportsApp_ITI" */;
			buildPhases = (
				A0A326CC1F72048F622F8BF4 /* [CP] Check Pods Manifest.lock */,
				8CFDF2BD2989864E002DA2DF /* Sources */,
				8CFDF2BE2989864E002DA2DF /* Frameworks */,
				8CFDF2BF2989864E002DA2DF /* Resources */,
				27591A8F4D0A8516F44D816D /* [CP] Embed Pods Frameworks */,
			);
			buildRules = (
			);
			dependencies = (
			);
			name = SportsApp_ITI;
			productName = SportsApp_ITI;
			productReference = 8CFDF2C12989864E002DA2DF /* SportsApp_ITI.app */;
			productType = "com.apple.product-type.application";
		};
/* End PBXNativeTarget section */

/* Begin PBXProject section */
		8CFDF2B92989864E002DA2DF /* Project object */ = {
			isa = PBXProject;
			attributes = {
				BuildIndependentTargetsInParallel = 1;
				LastSwiftUpdateCheck = 1420;
				LastUpgradeCheck = 1420;
				TargetAttributes = {
					3D963EC029999AA30043C2A5 = {
						CreatedOnToolsVersion = 14.2;
						TestTargetID = 8CFDF2C02989864E002DA2DF;
					};
					8CFDF2C02989864E002DA2DF = {
						CreatedOnToolsVersion = 14.2;
					};
				};
			};
			buildConfigurationList = 8CFDF2BC2989864E002DA2DF /* Build configuration list for PBXProject "SportsApp_ITI" */;
			compatibilityVersion = "Xcode 14.0";
			developmentRegion = en;
			hasScannedForEncodings = 0;
			knownRegions = (
				en,
				Base,
			);
			mainGroup = 8CFDF2B82989864E002DA2DF;
			productRefGroup = 8CFDF2C22989864E002DA2DF /* Products */;
			projectDirPath = "";
			projectRoot = "";
			targets = (
				8CFDF2C02989864E002DA2DF /* SportsApp_ITI */,
				3D963EC029999AA30043C2A5 /* SportsApp_ITITests */,
			);
		};
/* End PBXProject section */

/* Begin PBXResourcesBuildPhase section */
		3D963EBF29999AA30043C2A5 /* Resources */ = {
			isa = PBXResourcesBuildPhase;
			buildActionMask = 2147483647;
			files = (
			);
			runOnlyForDeploymentPostprocessing = 0;
		};
		8CFDF2BF2989864E002DA2DF /* Resources */ = {
			isa = PBXResourcesBuildPhase;
			buildActionMask = 2147483647;
			files = (
				8CFDF2D429898652002DA2DF /* LaunchScreen.storyboard in Resources */,
				8CAB0903298C2EE30052C672 /* TeamCollectionViewCell.xib in Resources */,
				8C08F7522989BA6C009473FC /* TableViewCell.xib in Resources */,
				8CFDF2D129898652002DA2DF /* Assets.xcassets in Resources */,
				3D9B80FE298D42AC00D344E4 /* CustomSportCollectionViewCell.xib in Resources */,
				8CFDF2CC2989864E002DA2DF /* Main.storyboard in Resources */,
				8CFDF2DF29899627002DA2DF /* FavouriteStoryboard.storyboard in Resources */,
				3D9B80FA298D418700D344E4 /* splash3.gif in Resources */,
				8CDE1419298C456B00D94B9D /* comCollectionViewCell.xib in Resources */,
				8CDE141D298C493300D94B9D /* recCollectionViewCell.xib in Resources */,
			);
			runOnlyForDeploymentPostprocessing = 0;
		};
/* End PBXResourcesBuildPhase section */

/* Begin PBXShellScriptBuildPhase section */
		27591A8F4D0A8516F44D816D /* [CP] Embed Pods Frameworks */ = {
			isa = PBXShellScriptBuildPhase;
			buildActionMask = 2147483647;
			files = (
			);
			inputFileListPaths = (
				"${PODS_ROOT}/Target Support Files/Pods-SportsApp_ITI/Pods-SportsApp_ITI-frameworks-${CONFIGURATION}-input-files.xcfilelist",
			);
			name = "[CP] Embed Pods Frameworks";
			outputFileListPaths = (
				"${PODS_ROOT}/Target Support Files/Pods-SportsApp_ITI/Pods-SportsApp_ITI-frameworks-${CONFIGURATION}-output-files.xcfilelist",
			);
			runOnlyForDeploymentPostprocessing = 0;
			shellPath = /bin/sh;
			shellScript = "\"${PODS_ROOT}/Target Support Files/Pods-SportsApp_ITI/Pods-SportsApp_ITI-frameworks.sh\"\n";
			showEnvVarsInLog = 0;
		};
		A0A326CC1F72048F622F8BF4 /* [CP] Check Pods Manifest.lock */ = {
			isa = PBXShellScriptBuildPhase;
			buildActionMask = 2147483647;
			files = (
			);
			inputFileListPaths = (
			);
			inputPaths = (
				"${PODS_PODFILE_DIR_PATH}/Podfile.lock",
				"${PODS_ROOT}/Manifest.lock",
			);
			name = "[CP] Check Pods Manifest.lock";
			outputFileListPaths = (
			);
			outputPaths = (
				"$(DERIVED_FILE_DIR)/Pods-SportsApp_ITI-checkManifestLockResult.txt",
			);
			runOnlyForDeploymentPostprocessing = 0;
			shellPath = /bin/sh;
			shellScript = "diff \"${PODS_PODFILE_DIR_PATH}/Podfile.lock\" \"${PODS_ROOT}/Manifest.lock\" > /dev/null\nif [ $? != 0 ] ; then\n    # print error to STDERR\n    echo \"error: The sandbox is not in sync with the Podfile.lock. Run 'pod install' or update your CocoaPods installation.\" >&2\n    exit 1\nfi\n# This output is used by Xcode 'outputs' to avoid re-running this script phase.\necho \"SUCCESS\" > \"${SCRIPT_OUTPUT_FILE_0}\"\n";
			showEnvVarsInLog = 0;
		};
/* End PBXShellScriptBuildPhase section */

/* Begin PBXSourcesBuildPhase section */
		3D963EBD29999AA30043C2A5 /* Sources */ = {
			isa = PBXSourcesBuildPhase;
			buildActionMask = 2147483647;
			files = (
				3DAD8289299A990600E59EA4 /* MockNetworkServicesForFootballEvents.swift in Sources */,
				3D9687A2299ABBBB0099CB16 /* MockNetworkServicesForCricketTeams.swift in Sources */,
				8C533A8E299A5790006C6691 /* MockTennisApiTest.swift in Sources */,
				8C533A88299A44DE006C6691 /* ResponseBasketballTest.swift in Sources */,
				3D9687A4299ABC680099CB16 /* MockNetworkServicesForCricketEvents.swift in Sources */,
				3DAD8287299A95D300E59EA4 /* MockNetworkServicesForFootballTeams.swift in Sources */,
				8C533A90299A5AE9006C6691 /* MockManagerBTLeague.swift in Sources */,
				3D963ED12999A2C70043C2A5 /* MockNetworkServicesForFootballLeagues.swift in Sources */,
				3D9687A0299ABAE60099CB16 /* MockNetworkServicesForCricketLeagues.swift in Sources */,
				8C533A8A299A4BE8006C6691 /* MockBasketballApiTests.swift in Sources */,
				3D9687A6299ABD740099CB16 /* MockNetworkServicesForCricketTests.swift in Sources */,
				3D963ECB29999AD40043C2A5 /* NetworkServicesForFootballTests.swift in Sources */,
				8C533A8C299A56CB006C6691 /* RsponseTennisTest.swift in Sources */,
				8C533A92299A702F006C6691 /* MockManagerEvents.swift in Sources */,
				3D963ECD2999A0F70043C2A5 /* NetworkServicesForcricketTests.swift in Sources */,
				3D963ED32999A6EF0043C2A5 /* MockNetworkServicesForFootballTests.swift in Sources */,
			);
			runOnlyForDeploymentPostprocessing = 0;
		};
		8CFDF2BD2989864E002DA2DF /* Sources */ = {
			isa = PBXSourcesBuildPhase;
			buildActionMask = 2147483647;
			files = (
				3D95CAAD2997B88B007D32A1 /* CoreDataManger.swift in Sources */,
				8C8494B92992E5A300DCAE4A /* TeamViewController.swift in Sources */,
				3D9B80FD298D42AC00D344E4 /* CustomSportCollectionViewCell.swift in Sources */,
				8CFDF2C92989864E002DA2DF /* ViewController.swift in Sources */,
				8C5C92B729951EEB00F2F015 /* PlayersViewController.swift in Sources */,
				8C5C92B929953B4E00F2F015 /* GestureFeature.swift in Sources */,
				3D95CAAF29980186007D32A1 /* Constants.swift in Sources */,
				8CFDF2C52989864E002DA2DF /* AppDelegate.swift in Sources */,
				8C8494BB2992E9D800DCAE4A /* TeamData.swift in Sources */,
				8C08F7542989C232009473FC /* FavTableViewController.swift in Sources */,
				8CE1679B298AB80E005A5930 /* DetailsLeagueController.swift in Sources */,
				8CFDF2C72989864E002DA2DF /* SceneDelegate.swift in Sources */,
				3DA8AFCB298FCD7200ACD3FF /* ViewModel.swift in Sources */,
				3D7F21D42994FE3F006B5320 /* EventsData.swift in Sources */,
				8CDE1418298C456B00D94B9D /* comCollectionViewCell.swift in Sources */,
				3D9B80F8298D408700D344E4 /* SportsViewController.swift in Sources */,
				8CDE141C298C493300D94B9D /* recCollectionViewCell.swift in Sources */,
				8CAB0902298C2EE30052C672 /* TeamCollectionViewCell.swift in Sources */,
				8C7BC473298E69C200F31C08 /* NetworkService.swift in Sources */,
				3DDA2712298DAE420060635D /* LeagusData.swift in Sources */,
				8C86C78B2998FBCF000EBCE9 /* Notification.swift in Sources */,
				3D9B8102298D4BEE00D344E4 /* LegeusViewController.swift in Sources */,
				8C08F7512989BA6C009473FC /* TableViewCell.swift in Sources */,
				8CC1322D29993C83002DCC17 /* ToastMessage.swift in Sources */,
				8CFDF2CF2989864E002DA2DF /* SportsApp_ITI.xcdatamodeld in Sources */,
			);
			runOnlyForDeploymentPostprocessing = 0;
		};
/* End PBXSourcesBuildPhase section */

/* Begin PBXTargetDependency section */
		3D963EC629999AA30043C2A5 /* PBXTargetDependency */ = {
			isa = PBXTargetDependency;
			target = 8CFDF2C02989864E002DA2DF /* SportsApp_ITI */;
			targetProxy = 3D963EC529999AA30043C2A5 /* PBXContainerItemProxy */;
		};
/* End PBXTargetDependency section */

/* Begin PBXVariantGroup section */
		8CFDF2CA2989864E002DA2DF /* Main.storyboard */ = {
			isa = PBXVariantGroup;
			children = (
				8CFDF2CB2989864E002DA2DF /* Base */,
			);
			name = Main.storyboard;
			sourceTree = "<group>";
		};
		8CFDF2D229898652002DA2DF /* LaunchScreen.storyboard */ = {
			isa = PBXVariantGroup;
			children = (
				8CFDF2D329898652002DA2DF /* Base */,
			);
			name = LaunchScreen.storyboard;
			sourceTree = "<group>";
		};
/* End PBXVariantGroup section */

/* Begin XCBuildConfiguration section */
		3D963EC729999AA30043C2A5 /* Debug */ = {
			isa = XCBuildConfiguration;
			buildSettings = {
				BUNDLE_LOADER = "$(TEST_HOST)";
				CODE_SIGN_STYLE = Automatic;
				CURRENT_PROJECT_VERSION = 1;
				GENERATE_INFOPLIST_FILE = YES;
				IPHONEOS_DEPLOYMENT_TARGET = 16.2;
				MACOSX_DEPLOYMENT_TARGET = 13.1;
				MARKETING_VERSION = 1.0;
				PRODUCT_BUNDLE_IDENTIFIER = "ITI.SportsApp-ITITests";
				PRODUCT_NAME = "$(TARGET_NAME)";
				SDKROOT = auto;
				SUPPORTED_PLATFORMS = "iphoneos iphonesimulator macosx";
				SWIFT_EMIT_LOC_STRINGS = NO;
				SWIFT_VERSION = 5.0;
				TARGETED_DEVICE_FAMILY = "1,2";
				TEST_HOST = "$(BUILT_PRODUCTS_DIR)/SportsApp_ITI.app/$(BUNDLE_EXECUTABLE_FOLDER_PATH)/SportsApp_ITI";
			};
			name = Debug;
		};
		3D963EC829999AA30043C2A5 /* Release */ = {
			isa = XCBuildConfiguration;
			buildSettings = {
				BUNDLE_LOADER = "$(TEST_HOST)";
				CODE_SIGN_STYLE = Automatic;
				CURRENT_PROJECT_VERSION = 1;
				GENERATE_INFOPLIST_FILE = YES;
				IPHONEOS_DEPLOYMENT_TARGET = 16.2;
				MACOSX_DEPLOYMENT_TARGET = 13.1;
				MARKETING_VERSION = 1.0;
				PRODUCT_BUNDLE_IDENTIFIER = "ITI.SportsApp-ITITests";
				PRODUCT_NAME = "$(TARGET_NAME)";
				SDKROOT = auto;
				SUPPORTED_PLATFORMS = "iphoneos iphonesimulator macosx";
				SWIFT_EMIT_LOC_STRINGS = NO;
				SWIFT_VERSION = 5.0;
				TARGETED_DEVICE_FAMILY = "1,2";
				TEST_HOST = "$(BUILT_PRODUCTS_DIR)/SportsApp_ITI.app/$(BUNDLE_EXECUTABLE_FOLDER_PATH)/SportsApp_ITI";
			};
			name = Release;
		};
		8CFDF2D629898652002DA2DF /* Debug */ = {
			isa = XCBuildConfiguration;
			buildSettings = {
				ALWAYS_SEARCH_USER_PATHS = NO;
				CLANG_ANALYZER_NONNULL = YES;
				CLANG_ANALYZER_NUMBER_OBJECT_CONVERSION = YES_AGGRESSIVE;
				CLANG_CXX_LANGUAGE_STANDARD = "gnu++20";
				CLANG_ENABLE_MODULES = YES;
				CLANG_ENABLE_OBJC_ARC = YES;
				CLANG_ENABLE_OBJC_WEAK = YES;
				CLANG_WARN_BLOCK_CAPTURE_AUTORELEASING = YES;
				CLANG_WARN_BOOL_CONVERSION = YES;
				CLANG_WARN_COMMA = YES;
				CLANG_WARN_CONSTANT_CONVERSION = YES;
				CLANG_WARN_DEPRECATED_OBJC_IMPLEMENTATIONS = YES;
				CLANG_WARN_DIRECT_OBJC_ISA_USAGE = YES_ERROR;
				CLANG_WARN_DOCUMENTATION_COMMENTS = YES;
				CLANG_WARN_EMPTY_BODY = YES;
				CLANG_WARN_ENUM_CONVERSION = YES;
				CLANG_WARN_INFINITE_RECURSION = YES;
				CLANG_WARN_INT_CONVERSION = YES;
				CLANG_WARN_NON_LITERAL_NULL_CONVERSION = YES;
				CLANG_WARN_OBJC_IMPLICIT_RETAIN_SELF = YES;
				CLANG_WARN_OBJC_LITERAL_CONVERSION = YES;
				CLANG_WARN_OBJC_ROOT_CLASS = YES_ERROR;
				CLANG_WARN_QUOTED_INCLUDE_IN_FRAMEWORK_HEADER = YES;
				CLANG_WARN_RANGE_LOOP_ANALYSIS = YES;
				CLANG_WARN_STRICT_PROTOTYPES = YES;
				CLANG_WARN_SUSPICIOUS_MOVE = YES;
				CLANG_WARN_UNGUARDED_AVAILABILITY = YES_AGGRESSIVE;
				CLANG_WARN_UNREACHABLE_CODE = YES;
				CLANG_WARN__DUPLICATE_METHOD_MATCH = YES;
				COPY_PHASE_STRIP = NO;
				DEBUG_INFORMATION_FORMAT = dwarf;
				ENABLE_STRICT_OBJC_MSGSEND = YES;
				ENABLE_TESTABILITY = YES;
				GCC_C_LANGUAGE_STANDARD = gnu11;
				GCC_DYNAMIC_NO_PIC = NO;
				GCC_NO_COMMON_BLOCKS = YES;
				GCC_OPTIMIZATION_LEVEL = 0;
				GCC_PREPROCESSOR_DEFINITIONS = (
					"DEBUG=1",
					"$(inherited)",
				);
				GCC_WARN_64_TO_32_BIT_CONVERSION = YES;
				GCC_WARN_ABOUT_RETURN_TYPE = YES_ERROR;
				GCC_WARN_UNDECLARED_SELECTOR = YES;
				GCC_WARN_UNINITIALIZED_AUTOS = YES_AGGRESSIVE;
				GCC_WARN_UNUSED_FUNCTION = YES;
				GCC_WARN_UNUSED_VARIABLE = YES;
				IPHONEOS_DEPLOYMENT_TARGET = 16.2;
				MTL_ENABLE_DEBUG_INFO = INCLUDE_SOURCE;
				MTL_FAST_MATH = YES;
				ONLY_ACTIVE_ARCH = YES;
				SDKROOT = iphoneos;
				SWIFT_ACTIVE_COMPILATION_CONDITIONS = DEBUG;
				SWIFT_OPTIMIZATION_LEVEL = "-Onone";
			};
			name = Debug;
		};
		8CFDF2D729898652002DA2DF /* Release */ = {
			isa = XCBuildConfiguration;
			buildSettings = {
				ALWAYS_SEARCH_USER_PATHS = NO;
				CLANG_ANALYZER_NONNULL = YES;
				CLANG_ANALYZER_NUMBER_OBJECT_CONVERSION = YES_AGGRESSIVE;
				CLANG_CXX_LANGUAGE_STANDARD = "gnu++20";
				CLANG_ENABLE_MODULES = YES;
				CLANG_ENABLE_OBJC_ARC = YES;
				CLANG_ENABLE_OBJC_WEAK = YES;
				CLANG_WARN_BLOCK_CAPTURE_AUTORELEASING = YES;
				CLANG_WARN_BOOL_CONVERSION = YES;
				CLANG_WARN_COMMA = YES;
				CLANG_WARN_CONSTANT_CONVERSION = YES;
				CLANG_WARN_DEPRECATED_OBJC_IMPLEMENTATIONS = YES;
				CLANG_WARN_DIRECT_OBJC_ISA_USAGE = YES_ERROR;
				CLANG_WARN_DOCUMENTATION_COMMENTS = YES;
				CLANG_WARN_EMPTY_BODY = YES;
				CLANG_WARN_ENUM_CONVERSION = YES;
				CLANG_WARN_INFINITE_RECURSION = YES;
				CLANG_WARN_INT_CONVERSION = YES;
				CLANG_WARN_NON_LITERAL_NULL_CONVERSION = YES;
				CLANG_WARN_OBJC_IMPLICIT_RETAIN_SELF = YES;
				CLANG_WARN_OBJC_LITERAL_CONVERSION = YES;
				CLANG_WARN_OBJC_ROOT_CLASS = YES_ERROR;
				CLANG_WARN_QUOTED_INCLUDE_IN_FRAMEWORK_HEADER = YES;
				CLANG_WARN_RANGE_LOOP_ANALYSIS = YES;
				CLANG_WARN_STRICT_PROTOTYPES = YES;
				CLANG_WARN_SUSPICIOUS_MOVE = YES;
				CLANG_WARN_UNGUARDED_AVAILABILITY = YES_AGGRESSIVE;
				CLANG_WARN_UNREACHABLE_CODE = YES;
				CLANG_WARN__DUPLICATE_METHOD_MATCH = YES;
				COPY_PHASE_STRIP = NO;
				DEBUG_INFORMATION_FORMAT = "dwarf-with-dsym";
				ENABLE_NS_ASSERTIONS = NO;
				ENABLE_STRICT_OBJC_MSGSEND = YES;
				GCC_C_LANGUAGE_STANDARD = gnu11;
				GCC_NO_COMMON_BLOCKS = YES;
				GCC_WARN_64_TO_32_BIT_CONVERSION = YES;
				GCC_WARN_ABOUT_RETURN_TYPE = YES_ERROR;
				GCC_WARN_UNDECLARED_SELECTOR = YES;
				GCC_WARN_UNINITIALIZED_AUTOS = YES_AGGRESSIVE;
				GCC_WARN_UNUSED_FUNCTION = YES;
				GCC_WARN_UNUSED_VARIABLE = YES;
				IPHONEOS_DEPLOYMENT_TARGET = 16.2;
				MTL_ENABLE_DEBUG_INFO = NO;
				MTL_FAST_MATH = YES;
				SDKROOT = iphoneos;
				SWIFT_COMPILATION_MODE = wholemodule;
				SWIFT_OPTIMIZATION_LEVEL = "-O";
				VALIDATE_PRODUCT = YES;
			};
			name = Release;
		};
		8CFDF2D929898652002DA2DF /* Debug */ = {
			isa = XCBuildConfiguration;
			baseConfigurationReference = D30973B77AB5253BD9B3096E /* Pods-SportsApp_ITI.debug.xcconfig */;
			buildSettings = {
				ASSETCATALOG_COMPILER_APPICON_NAME = AppIcon;
				ASSETCATALOG_COMPILER_GLOBAL_ACCENT_COLOR_NAME = AccentColor;
				CODE_SIGN_STYLE = Automatic;
				CURRENT_PROJECT_VERSION = 1;
				GENERATE_INFOPLIST_FILE = YES;
				INFOPLIST_FILE = SportsApp_ITI/Info.plist;
				INFOPLIST_KEY_UIApplicationSupportsIndirectInputEvents = YES;
				INFOPLIST_KEY_UILaunchStoryboardName = LaunchScreen;
				INFOPLIST_KEY_UIMainStoryboardFile = Main;
				INFOPLIST_KEY_UISupportedInterfaceOrientations_iPad = "UIInterfaceOrientationPortrait UIInterfaceOrientationPortraitUpsideDown UIInterfaceOrientationLandscapeLeft UIInterfaceOrientationLandscapeRight";
				INFOPLIST_KEY_UISupportedInterfaceOrientations_iPhone = "UIInterfaceOrientationPortrait UIInterfaceOrientationLandscapeLeft UIInterfaceOrientationLandscapeRight";
				LD_RUNPATH_SEARCH_PATHS = (
					"$(inherited)",
					"@executable_path/Frameworks",
				);
				MARKETING_VERSION = 1.0;
				PRODUCT_BUNDLE_IDENTIFIER = "fri.SportsApp-ITI";
				PRODUCT_NAME = "$(TARGET_NAME)";
				SWIFT_EMIT_LOC_STRINGS = YES;
				SWIFT_VERSION = 5.0;
				TARGETED_DEVICE_FAMILY = "1,2";
			};
			name = Debug;
		};
		8CFDF2DA29898652002DA2DF /* Release */ = {
			isa = XCBuildConfiguration;
			baseConfigurationReference = 7BABD7B11CD95C2A3AD80D53 /* Pods-SportsApp_ITI.release.xcconfig */;
			buildSettings = {
				ASSETCATALOG_COMPILER_APPICON_NAME = AppIcon;
				ASSETCATALOG_COMPILER_GLOBAL_ACCENT_COLOR_NAME = AccentColor;
				CODE_SIGN_STYLE = Automatic;
				CURRENT_PROJECT_VERSION = 1;
				GENERATE_INFOPLIST_FILE = YES;
				INFOPLIST_FILE = SportsApp_ITI/Info.plist;
				INFOPLIST_KEY_UIApplicationSupportsIndirectInputEvents = YES;
				INFOPLIST_KEY_UILaunchStoryboardName = LaunchScreen;
				INFOPLIST_KEY_UIMainStoryboardFile = Main;
				INFOPLIST_KEY_UISupportedInterfaceOrientations_iPad = "UIInterfaceOrientationPortrait UIInterfaceOrientationPortraitUpsideDown UIInterfaceOrientationLandscapeLeft UIInterfaceOrientationLandscapeRight";
				INFOPLIST_KEY_UISupportedInterfaceOrientations_iPhone = "UIInterfaceOrientationPortrait UIInterfaceOrientationLandscapeLeft UIInterfaceOrientationLandscapeRight";
				LD_RUNPATH_SEARCH_PATHS = (
					"$(inherited)",
					"@executable_path/Frameworks",
				);
				MARKETING_VERSION = 1.0;
				PRODUCT_BUNDLE_IDENTIFIER = "fri.SportsApp-ITI";
				PRODUCT_NAME = "$(TARGET_NAME)";
				SWIFT_EMIT_LOC_STRINGS = YES;
				SWIFT_VERSION = 5.0;
				TARGETED_DEVICE_FAMILY = "1,2";
			};
			name = Release;
		};
/* End XCBuildConfiguration section */

/* Begin XCConfigurationList section */
		3D963EC929999AA30043C2A5 /* Build configuration list for PBXNativeTarget "SportsApp_ITITests" */ = {
			isa = XCConfigurationList;
			buildConfigurations = (
				3D963EC729999AA30043C2A5 /* Debug */,
				3D963EC829999AA30043C2A5 /* Release */,
			);
			defaultConfigurationIsVisible = 0;
			defaultConfigurationName = Release;
		};
		8CFDF2BC2989864E002DA2DF /* Build configuration list for PBXProject "SportsApp_ITI" */ = {
			isa = XCConfigurationList;
			buildConfigurations = (
				8CFDF2D629898652002DA2DF /* Debug */,
				8CFDF2D729898652002DA2DF /* Release */,
			);
			defaultConfigurationIsVisible = 0;
			defaultConfigurationName = Release;
		};
		8CFDF2D829898652002DA2DF /* Build configuration list for PBXNativeTarget "SportsApp_ITI" */ = {
			isa = XCConfigurationList;
			buildConfigurations = (
				8CFDF2D929898652002DA2DF /* Debug */,
				8CFDF2DA29898652002DA2DF /* Release */,
			);
			defaultConfigurationIsVisible = 0;
			defaultConfigurationName = Release;
		};
/* End XCConfigurationList section */

/* Begin XCVersionGroup section */
		8CFDF2CD2989864E002DA2DF /* SportsApp_ITI.xcdatamodeld */ = {
			isa = XCVersionGroup;
			children = (
				8CFDF2CE2989864E002DA2DF /* SportsApp_ITI.xcdatamodel */,
			);
			currentVersion = 8CFDF2CE2989864E002DA2DF /* SportsApp_ITI.xcdatamodel */;
			path = SportsApp_ITI.xcdatamodeld;
			sourceTree = "<group>";
			versionGroupType = wrapper.xcdatamodel;
		};
/* End XCVersionGroup section */
	};
	rootObject = 8CFDF2B92989864E002DA2DF /* Project object */;
}
